
Microsoft Visual Studio Solution File, Format Version 12.00
# Visual Studio Version 17
VisualStudioVersion = 17.2.32602.215
MinimumVisualStudioVersion = 10.0.40219.1
Project("{FAE04EC0-301F-11D3-BF4B-00C04F79EFBC}") = "Számológép", "Számológép\Számológép.csproj", "{D96B26AB-A9A4-4437-B868-F28004167E47}"
EndProject
Global
	GlobalSection(SolutionConfigurationPlatforms) = preSolution
		Debug|Any CPU = Debug|Any CPU
		Release|Any CPU = Release|Any CPU
	EndGlobalSection
	GlobalSection(ProjectConfigurationPlatforms) = postSolution
		{D96B26AB-A9A4-4437-B868-F28004167E47}.Debug|Any CPU.ActiveCfg = Debug|Any CPU
		{D96B26AB-A9A4-4437-B868-F28004167E47}.Debug|Any CPU.Build.0 = Debug|Any CPU
		{D96B26AB-A9A4-4437-B868-F28004167E47}.Release|Any CPU.ActiveCfg = Release|Any CPU
		{D96B26AB-A9A4-4437-B868-F28004167E47}.Release|Any CPU.Build.0 = Release|Any CPU
	EndGlobalSection
	GlobalSection(SolutionProperties) = preSolution
		HideSolutionNode = FALSE
	EndGlobalSection
	GlobalSection(ExtensibilityGlobals) = postSolution
		SolutionGuid = {E30A2185-8615-4B61-8F6E-A22730627959}
	EndGlobalSection
EndGlobal
